{
  "schema_version": 2,
  "cargo_lock_sha256": "c9a47dc5c738d7d397b8237601ab4619355d9464574e7a839e6922a084c1ba30",
  "manifest_sha256": {
    "Cargo.toml": "c416c45c103dc3fa4114173b2bedcee15fda5582de11b1c7960e02d5de1dd41d"
  },
  "target_resolves": {
    "base": {
      "handan-0.1.2": {
        "runtime_dependencies": [],
        "build_dependencies": [],
        "features": []
      }
    },
    "targets": {
      "aarch64-apple-darwin": {
        "overrides": {}
      },
      "aarch64-unknown-linux-gnu": {
        "overrides": {}
      },
      "aarch64-unknown-linux-musl": {
        "overrides": {}
      },
      "x86_64-apple-darwin": {
        "overrides": {}
      },
      "x86_64-unknown-linux-gnu": {
        "overrides": {}
      },
      "x86_64-unknown-linux-musl": {
        "overrides": {}
      }
    }
  },
  "per_crate": {
    "handan-0.1.2": {
      "edition": "2024",
      "lib_target": {
        "name": "handan",
        "path": "src/lib.rs"
      }
    }
  },
  "git_nar_sha256": {},
  "flake_metadata": {}
}
