{
  "schema_version": 2,
  "cargo_lock_sha256": "4990c8d649258186e85930653ee01364b5e1e86ce657a8b86b8137d391c68853",
  "manifest_sha256": {
    "Cargo.toml": "7f3e8cd10f7a3828a1c49cc8237ea887cba5caddcef470815a3f6c8d2ad1c569"
  },
  "target_resolves": {
    "base": {
      "handan-0.1.1": {
        "runtime_dependencies": [],
        "build_dependencies": [],
        "features": []
      }
    },
    "targets": {
      "aarch64-apple-darwin": {
        "overrides": {}
      },
      "aarch64-unknown-linux-gnu": {
        "overrides": {}
      },
      "aarch64-unknown-linux-musl": {
        "overrides": {}
      },
      "x86_64-apple-darwin": {
        "overrides": {}
      },
      "x86_64-unknown-linux-gnu": {
        "overrides": {}
      },
      "x86_64-unknown-linux-musl": {
        "overrides": {}
      }
    }
  },
  "per_crate": {
    "handan-0.1.1": {
      "edition": "2024",
      "lib_target": {
        "name": "handan",
        "path": "src/lib.rs"
      }
    }
  },
  "git_nar_sha256": {},
  "flake_metadata": {}
}
